
Microsoft Visual Studio Solution File, Format Version 12.00
# Visual Studio Version 17
VisualStudioVersion = 17.4.33110.190
MinimumVisualStudioVersion = 10.0.40219.1
Project("{2150E333-8FDC-42A3-9474-1A3956D46DE8}") = "src", "src", "{168BBA54-2EA2-44CE-8C8C-B8CF2134F1FC}"
EndProject
Project("{2150E333-8FDC-42A3-9474-1A3956D46DE8}") = "tests", "tests", "{48D33C0F-342A-462F-B2DA-C062C82D6533}"
EndProject
Project("{2150E333-8FDC-42A3-9474-1A3956D46DE8}") = "Bootstrapper", "Bootstrapper", "{136A9E89-DDB9-45CB-879D-9DDD2F585659}"
EndProject
Project("{2150E333-8FDC-42A3-9474-1A3956D46DE8}") = "Modules", "Modules", "{2400F800-30DB-4A0B-882D-2DD60946D660}"
EndProject
Project("{2150E333-8FDC-42A3-9474-1A3956D46DE8}") = "Shared", "Shared", "{1DA7A3DB-5227-44DD-8A48-EFE94BC3BA87}"
EndProject
Project("{9A19103F-16F7-4668-BE54-9A1E7A4F7556}") = "UPDCFacilityManager.Bootstrapper", "src\Bootstrapper\UPDCFacilityManager.Bootstrapper\UPDCFacilityManager.Bootstrapper.csproj", "{36D2CA8D-9CB2-4989-9214-1A3DFD1C6FA5}"
EndProject
Project("{2150E333-8FDC-42A3-9474-1A3956D46DE8}") = "Auth", "Auth", "{10E2FEC4-6457-48D8-BB28-98C8386C9C98}"
EndProject
Project("{2150E333-8FDC-42A3-9474-1A3956D46DE8}") = "Residence", "Residence", "{FBF7D375-A6AE-431F-965E-4168E7AC6C7E}"
EndProject
Project("{2150E333-8FDC-42A3-9474-1A3956D46DE8}") = "Report", "Report", "{3901683A-F213-40F9-8BD4-9FDA9084F8D6}"
EndProject
Project("{9A19103F-16F7-4668-BE54-9A1E7A4F7556}") = "UPDCFacilityManager.Modules.Auth", "src\Modules\Auth\UPDCFacilityManager.Modules.Auth\UPDCFacilityManager.Modules.Auth.csproj", "{764C2A27-81CA-454C-8FAF-3FFA98C36ABB}"
EndProject
Project("{9A19103F-16F7-4668-BE54-9A1E7A4F7556}") = "UPDCFacilityManager.Modules.Residence", "src\Modules\Residence\UPDCFacilityManager.Modules.Residence\UPDCFacilityManager.Modules.Residence.csproj", "{849C47D2-C1F0-4F51-8D04-541EB8047BD9}"
EndProject
Project("{9A19103F-16F7-4668-BE54-9A1E7A4F7556}") = "UPDCFacilityManager.Modules.Report", "src\Modules\Report\UPDCFacilityManager.Modules.Report\UPDCFacilityManager.Modules.Report.csproj", "{7D8CF453-2A36-465A-8661-B3083331EA66}"
EndProject
Project("{9A19103F-16F7-4668-BE54-9A1E7A4F7556}") = "UPDCFacilityManager.Shared.Infrastructure", "src\Shared\UPDCFacilityManager.Shared.Infrastructure\UPDCFacilityManager.Shared.Infrastructure.csproj", "{753B4A08-C897-4695-9E5F-3AF5DE625EAC}"
EndProject
Project("{9A19103F-16F7-4668-BE54-9A1E7A4F7556}") = "UPDCFacilityManager.Test", "src\Test\UPDCFacilityManager.Test\UPDCFacilityManager.Test.csproj", "{EF9D5392-D4AC-4854-969A-B7A53821BB38}"
EndProject
Project("{9A19103F-16F7-4668-BE54-9A1E7A4F7556}") = "UPDCFacilityManager.Shared.Model", "src\shared\UPDCFacilityManager.Shared.Model\UPDCFacilityManager.Shared.Model.csproj", "{C87289F6-8992-4CEE-8082-3A1CA605D3D5}"
EndProject
Project("{9A19103F-16F7-4668-BE54-9A1E7A4F7556}") = "UPDCFacilityManager.Modules.Auth.Core", "Modules\Auth\UPDCFacilityManager.Modules.Auth.Core\UPDCFacilityManager.Modules.Auth.Core.csproj", "{57FAF502-81C5-4EA2-82D9-084473D3540A}"
EndProject
Project("{2150E333-8FDC-42A3-9474-1A3956D46DE8}") = "Estate", "Estate", "{4AFC04D6-608B-4467-8AC9-2592C54910B8}"
EndProject
Project("{9A19103F-16F7-4668-BE54-9A1E7A4F7556}") = "UPDCFacilityManager.Module.Estates", "src\Modules\Estate\UPDCFacilityManager.Module.Estate\UPDCFacilityManager.Module.Estates.csproj", "{5EA7E130-B825-4A9A-B8BF-5CB7F8F531C3}"
EndProject
Project("{9A19103F-16F7-4668-BE54-9A1E7A4F7556}") = "UPDCFacilityManager.Modules.Residence.Core", "src\Modules\Residence\UPDCFacilityManager.Modules.Residence.Core\UPDCFacilityManager.Modules.Residence.Core.csproj", "{67720CA0-BFD0-445A-90BD-0842D05ABBD8}"
EndProject
Project("{2150E333-8FDC-42A3-9474-1A3956D46DE8}") = "Cluster", "Cluster", "{0B2C5071-FD8D-40BE-9B5D-8F9F2A81AD2E}"
EndProject
Project("{9A19103F-16F7-4668-BE54-9A1E7A4F7556}") = "UPDCFacilityManager.Modules.Cluster", "src\Modules\Cluster\UPDCFacilityManager.Modules.Cluster\UPDCFacilityManager.Modules.Cluster.csproj", "{DCFB92DE-9CBB-4DB5-AF1E-FE6E7356BFA9}"
EndProject
Project("{9A19103F-16F7-4668-BE54-9A1E7A4F7556}") = "UPDCFacilityManager.Modules.Cluster.Core", "src\Modules\Cluster\UPDCFacilityManager.Modules.Cluster.Core\UPDCFacilityManager.Modules.Cluster.Core.csproj", "{296BEE5C-0277-45A3-A4E1-F284BC867F4B}"
EndProject
Global
	GlobalSection(SolutionConfigurationPlatforms) = preSolution
		Debug|Any CPU = Debug|Any CPU
		Release|Any CPU = Release|Any CPU
	EndGlobalSection
	GlobalSection(ProjectConfigurationPlatforms) = postSolution
		{36D2CA8D-9CB2-4989-9214-1A3DFD1C6FA5}.Debug|Any CPU.ActiveCfg = Debug|Any CPU
		{36D2CA8D-9CB2-4989-9214-1A3DFD1C6FA5}.Debug|Any CPU.Build.0 = Debug|Any CPU
		{36D2CA8D-9CB2-4989-9214-1A3DFD1C6FA5}.Release|Any CPU.ActiveCfg = Release|Any CPU
		{36D2CA8D-9CB2-4989-9214-1A3DFD1C6FA5}.Release|Any CPU.Build.0 = Release|Any CPU
		{764C2A27-81CA-454C-8FAF-3FFA98C36ABB}.Debug|Any CPU.ActiveCfg = Debug|Any CPU
		{764C2A27-81CA-454C-8FAF-3FFA98C36ABB}.Debug|Any CPU.Build.0 = Debug|Any CPU
		{764C2A27-81CA-454C-8FAF-3FFA98C36ABB}.Release|Any CPU.ActiveCfg = Release|Any CPU
		{764C2A27-81CA-454C-8FAF-3FFA98C36ABB}.Release|Any CPU.Build.0 = Release|Any CPU
		{849C47D2-C1F0-4F51-8D04-541EB8047BD9}.Debug|Any CPU.ActiveCfg = Debug|Any CPU
		{849C47D2-C1F0-4F51-8D04-541EB8047BD9}.Debug|Any CPU.Build.0 = Debug|Any CPU
		{849C47D2-C1F0-4F51-8D04-541EB8047BD9}.Release|Any CPU.ActiveCfg = Release|Any CPU
		{849C47D2-C1F0-4F51-8D04-541EB8047BD9}.Release|Any CPU.Build.0 = Release|Any CPU
		{7D8CF453-2A36-465A-8661-B3083331EA66}.Debug|Any CPU.ActiveCfg = Debug|Any CPU
		{7D8CF453-2A36-465A-8661-B3083331EA66}.Debug|Any CPU.Build.0 = Debug|Any CPU
		{7D8CF453-2A36-465A-8661-B3083331EA66}.Release|Any CPU.ActiveCfg = Release|Any CPU
		{7D8CF453-2A36-465A-8661-B3083331EA66}.Release|Any CPU.Build.0 = Release|Any CPU
		{753B4A08-C897-4695-9E5F-3AF5DE625EAC}.Debug|Any CPU.ActiveCfg = Debug|Any CPU
		{753B4A08-C897-4695-9E5F-3AF5DE625EAC}.Debug|Any CPU.Build.0 = Debug|Any CPU
		{753B4A08-C897-4695-9E5F-3AF5DE625EAC}.Release|Any CPU.ActiveCfg = Release|Any CPU
		{753B4A08-C897-4695-9E5F-3AF5DE625EAC}.Release|Any CPU.Build.0 = Release|Any CPU
		{EF9D5392-D4AC-4854-969A-B7A53821BB38}.Debug|Any CPU.ActiveCfg = Debug|Any CPU
		{EF9D5392-D4AC-4854-969A-B7A53821BB38}.Debug|Any CPU.Build.0 = Debug|Any CPU
		{EF9D5392-D4AC-4854-969A-B7A53821BB38}.Release|Any CPU.ActiveCfg = Release|Any CPU
		{EF9D5392-D4AC-4854-969A-B7A53821BB38}.Release|Any CPU.Build.0 = Release|Any CPU
		{C87289F6-8992-4CEE-8082-3A1CA605D3D5}.Debug|Any CPU.ActiveCfg = Debug|Any CPU
		{C87289F6-8992-4CEE-8082-3A1CA605D3D5}.Debug|Any CPU.Build.0 = Debug|Any CPU
		{C87289F6-8992-4CEE-8082-3A1CA605D3D5}.Release|Any CPU.ActiveCfg = Release|Any CPU
		{C87289F6-8992-4CEE-8082-3A1CA605D3D5}.Release|Any CPU.Build.0 = Release|Any CPU
		{57FAF502-81C5-4EA2-82D9-084473D3540A}.Debug|Any CPU.ActiveCfg = Debug|Any CPU
		{57FAF502-81C5-4EA2-82D9-084473D3540A}.Debug|Any CPU.Build.0 = Debug|Any CPU
		{57FAF502-81C5-4EA2-82D9-084473D3540A}.Release|Any CPU.ActiveCfg = Release|Any CPU
		{57FAF502-81C5-4EA2-82D9-084473D3540A}.Release|Any CPU.Build.0 = Release|Any CPU
		{5EA7E130-B825-4A9A-B8BF-5CB7F8F531C3}.Debug|Any CPU.ActiveCfg = Debug|Any CPU
		{5EA7E130-B825-4A9A-B8BF-5CB7F8F531C3}.Debug|Any CPU.Build.0 = Debug|Any CPU
		{5EA7E130-B825-4A9A-B8BF-5CB7F8F531C3}.Release|Any CPU.ActiveCfg = Release|Any CPU
		{5EA7E130-B825-4A9A-B8BF-5CB7F8F531C3}.Release|Any CPU.Build.0 = Release|Any CPU
		{67720CA0-BFD0-445A-90BD-0842D05ABBD8}.Debug|Any CPU.ActiveCfg = Debug|Any CPU
		{67720CA0-BFD0-445A-90BD-0842D05ABBD8}.Debug|Any CPU.Build.0 = Debug|Any CPU
		{67720CA0-BFD0-445A-90BD-0842D05ABBD8}.Release|Any CPU.ActiveCfg = Release|Any CPU
		{67720CA0-BFD0-445A-90BD-0842D05ABBD8}.Release|Any CPU.Build.0 = Release|Any CPU
		{DCFB92DE-9CBB-4DB5-AF1E-FE6E7356BFA9}.Debug|Any CPU.ActiveCfg = Debug|Any CPU
		{DCFB92DE-9CBB-4DB5-AF1E-FE6E7356BFA9}.Debug|Any CPU.Build.0 = Debug|Any CPU
		{DCFB92DE-9CBB-4DB5-AF1E-FE6E7356BFA9}.Release|Any CPU.ActiveCfg = Release|Any CPU
		{DCFB92DE-9CBB-4DB5-AF1E-FE6E7356BFA9}.Release|Any CPU.Build.0 = Release|Any CPU
		{296BEE5C-0277-45A3-A4E1-F284BC867F4B}.Debug|Any CPU.ActiveCfg = Debug|Any CPU
		{296BEE5C-0277-45A3-A4E1-F284BC867F4B}.Debug|Any CPU.Build.0 = Debug|Any CPU
		{296BEE5C-0277-45A3-A4E1-F284BC867F4B}.Release|Any CPU.ActiveCfg = Release|Any CPU
		{296BEE5C-0277-45A3-A4E1-F284BC867F4B}.Release|Any CPU.Build.0 = Release|Any CPU
	EndGlobalSection
	GlobalSection(SolutionProperties) = preSolution
		HideSolutionNode = FALSE
	EndGlobalSection
	GlobalSection(NestedProjects) = preSolution
		{136A9E89-DDB9-45CB-879D-9DDD2F585659} = {168BBA54-2EA2-44CE-8C8C-B8CF2134F1FC}
		{2400F800-30DB-4A0B-882D-2DD60946D660} = {168BBA54-2EA2-44CE-8C8C-B8CF2134F1FC}
		{1DA7A3DB-5227-44DD-8A48-EFE94BC3BA87} = {168BBA54-2EA2-44CE-8C8C-B8CF2134F1FC}
		{36D2CA8D-9CB2-4989-9214-1A3DFD1C6FA5} = {136A9E89-DDB9-45CB-879D-9DDD2F585659}
		{10E2FEC4-6457-48D8-BB28-98C8386C9C98} = {2400F800-30DB-4A0B-882D-2DD60946D660}
		{FBF7D375-A6AE-431F-965E-4168E7AC6C7E} = {2400F800-30DB-4A0B-882D-2DD60946D660}
		{3901683A-F213-40F9-8BD4-9FDA9084F8D6} = {2400F800-30DB-4A0B-882D-2DD60946D660}
		{764C2A27-81CA-454C-8FAF-3FFA98C36ABB} = {10E2FEC4-6457-48D8-BB28-98C8386C9C98}
		{849C47D2-C1F0-4F51-8D04-541EB8047BD9} = {FBF7D375-A6AE-431F-965E-4168E7AC6C7E}
		{7D8CF453-2A36-465A-8661-B3083331EA66} = {3901683A-F213-40F9-8BD4-9FDA9084F8D6}
		{753B4A08-C897-4695-9E5F-3AF5DE625EAC} = {1DA7A3DB-5227-44DD-8A48-EFE94BC3BA87}
		{EF9D5392-D4AC-4854-969A-B7A53821BB38} = {48D33C0F-342A-462F-B2DA-C062C82D6533}
		{C87289F6-8992-4CEE-8082-3A1CA605D3D5} = {1DA7A3DB-5227-44DD-8A48-EFE94BC3BA87}
		{57FAF502-81C5-4EA2-82D9-084473D3540A} = {10E2FEC4-6457-48D8-BB28-98C8386C9C98}
		{4AFC04D6-608B-4467-8AC9-2592C54910B8} = {2400F800-30DB-4A0B-882D-2DD60946D660}
		{5EA7E130-B825-4A9A-B8BF-5CB7F8F531C3} = {4AFC04D6-608B-4467-8AC9-2592C54910B8}
		{67720CA0-BFD0-445A-90BD-0842D05ABBD8} = {FBF7D375-A6AE-431F-965E-4168E7AC6C7E}
		{0B2C5071-FD8D-40BE-9B5D-8F9F2A81AD2E} = {2400F800-30DB-4A0B-882D-2DD60946D660}
		{DCFB92DE-9CBB-4DB5-AF1E-FE6E7356BFA9} = {0B2C5071-FD8D-40BE-9B5D-8F9F2A81AD2E}
		{296BEE5C-0277-45A3-A4E1-F284BC867F4B} = {0B2C5071-FD8D-40BE-9B5D-8F9F2A81AD2E}
	EndGlobalSection
	GlobalSection(ExtensibilityGlobals) = postSolution
		SolutionGuid = {09F7B485-146E-4C5A-8F75-D62393C9511E}
	EndGlobalSection
EndGlobal
